
Microsoft Visual Studio Solution File, Format Version 12.00
# Visual Studio Version 17
VisualStudioVersion = 17.9.34714.143
MinimumVisualStudioVersion = 10.0.40219.1
Project("{FAE04EC0-301F-11D3-BF4B-00C04F79EFBC}") = "SimpleBlog", "SimpleBlog.csproj", "{75AD355A-390C-4D0A-A2E8-DCEC67A1707B}"
EndProject
Global
	GlobalSection(SolutionConfigurationPlatforms) = preSolution
		Debug|Any CPU = Debug|Any CPU
		Release|Any CPU = Release|Any CPU
	EndGlobalSection
	GlobalSection(ProjectConfigurationPlatforms) = postSolution
		{75AD355A-390C-4D0A-A2E8-DCEC67A1707B}.Debug|Any CPU.ActiveCfg = Debug|Any CPU
		{75AD355A-390C-4D0A-A2E8-DCEC67A1707B}.Debug|Any CPU.Build.0 = Debug|Any CPU
		{75AD355A-390C-4D0A-A2E8-DCEC67A1707B}.Release|Any CPU.ActiveCfg = Release|Any CPU
		{75AD355A-390C-4D0A-A2E8-DCEC67A1707B}.Release|Any CPU.Build.0 = Release|Any CPU
	EndGlobalSection
	GlobalSection(SolutionProperties) = preSolution
		HideSolutionNode = FALSE
	EndGlobalSection
	GlobalSection(ExtensibilityGlobals) = postSolution
		SolutionGuid = {E3D882CF-3C2A-45B1-84F3-41F102136DFD}
	EndGlobalSection
EndGlobal
